
Microsoft Visual Studio Solution File, Format Version 12.00
# Visual Studio 14
VisualStudioVersion = 14.0.25123.0
MinimumVisualStudioVersion = 10.0.40219.1
Project("{2150E333-8FDC-42A3-9474-1A3956D46DE8}") = "Xamstrap", "Xamstrap", "{EB44BCCD-B7D4-4179-9D5F-608FAE9C0199}"
EndProject
Project("{FAE04EC0-301F-11D3-BF4B-00C04F79EFBC}") = "Xamstrap", "..\src\Xamstrap\Xamstrap.csproj", "{67F9D3A8-F71E-4428-913F-C37AE82CDB24}"
EndProject
Project("{FAE04EC0-301F-11D3-BF4B-00C04F79EFBC}") = "Xamstrap.Droid", "..\src\Xamstrap.Droid\Xamstrap.Droid.csproj", "{87EEF56B-C7E4-433E-8351-75C333131ADA}"
EndProject
Project("{FAE04EC0-301F-11D3-BF4B-00C04F79EFBC}") = "Xamstrap.iOS", "..\src\Xamstrap.iOS\Xamstrap.iOS.csproj", "{63BCD101-1403-4577-B9F5-45B94B653BD2}"
EndProject
Project("{FAE04EC0-301F-11D3-BF4B-00C04F79EFBC}") = "XamstrapSample.Droid", "XamstrapSample\XamstrapSample.Droid\XamstrapSample.Droid.csproj", "{2B6A6341-8D59-4A69-8DE6-B22B6CC32929}"
EndProject
Project("{FAE04EC0-301F-11D3-BF4B-00C04F79EFBC}") = "XamstrapSample.iOS", "XamstrapSample\XamstrapSample.iOS\XamstrapSample.iOS.csproj", "{35E9BDF6-6AED-4D87-98CD-F20701363FB8}"
EndProject
Project("{FAE04EC0-301F-11D3-BF4B-00C04F79EFBC}") = "XamstrapSample", "XamstrapSample\XamstrapSample\XamstrapSample.csproj", "{CD17685A-396E-47FF-923E-247DDE87EB07}"
EndProject
Global
	GlobalSection(SolutionConfigurationPlatforms) = preSolution
		Ad-Hoc|Any CPU = Ad-Hoc|Any CPU
		Ad-Hoc|iPhone = Ad-Hoc|iPhone
		Ad-Hoc|iPhoneSimulator = Ad-Hoc|iPhoneSimulator
		AppStore|Any CPU = AppStore|Any CPU
		AppStore|iPhone = AppStore|iPhone
		AppStore|iPhoneSimulator = AppStore|iPhoneSimulator
		Debug|Any CPU = Debug|Any CPU
		Debug|iPhone = Debug|iPhone
		Debug|iPhoneSimulator = Debug|iPhoneSimulator
		Release|Any CPU = Release|Any CPU
		Release|iPhone = Release|iPhone
		Release|iPhoneSimulator = Release|iPhoneSimulator
	EndGlobalSection
	GlobalSection(ProjectConfigurationPlatforms) = postSolution
		{67F9D3A8-F71E-4428-913F-C37AE82CDB24}.Ad-Hoc|Any CPU.ActiveCfg = Release|Any CPU
		{67F9D3A8-F71E-4428-913F-C37AE82CDB24}.Ad-Hoc|Any CPU.Build.0 = Release|Any CPU
		{67F9D3A8-F71E-4428-913F-C37AE82CDB24}.Ad-Hoc|iPhone.ActiveCfg = Release|Any CPU
		{67F9D3A8-F71E-4428-913F-C37AE82CDB24}.Ad-Hoc|iPhone.Build.0 = Release|Any CPU
		{67F9D3A8-F71E-4428-913F-C37AE82CDB24}.Ad-Hoc|iPhoneSimulator.ActiveCfg = Release|Any CPU
		{67F9D3A8-F71E-4428-913F-C37AE82CDB24}.Ad-Hoc|iPhoneSimulator.Build.0 = Release|Any CPU
		{67F9D3A8-F71E-4428-913F-C37AE82CDB24}.AppStore|Any CPU.ActiveCfg = Release|Any CPU
		{67F9D3A8-F71E-4428-913F-C37AE82CDB24}.AppStore|Any CPU.Build.0 = Release|Any CPU
		{67F9D3A8-F71E-4428-913F-C37AE82CDB24}.AppStore|iPhone.ActiveCfg = Release|Any CPU
		{67F9D3A8-F71E-4428-913F-C37AE82CDB24}.AppStore|iPhone.Build.0 = Release|Any CPU
		{67F9D3A8-F71E-4428-913F-C37AE82CDB24}.AppStore|iPhoneSimulator.ActiveCfg = Release|Any CPU
		{67F9D3A8-F71E-4428-913F-C37AE82CDB24}.AppStore|iPhoneSimulator.Build.0 = Release|Any CPU
		{67F9D3A8-F71E-4428-913F-C37AE82CDB24}.Debug|Any CPU.ActiveCfg = Debug|Any CPU
		{67F9D3A8-F71E-4428-913F-C37AE82CDB24}.Debug|Any CPU.Build.0 = Debug|Any CPU
		{67F9D3A8-F71E-4428-913F-C37AE82CDB24}.Debug|iPhone.ActiveCfg = Debug|Any CPU
		{67F9D3A8-F71E-4428-913F-C37AE82CDB24}.Debug|iPhone.Build.0 = Debug|Any CPU
		{67F9D3A8-F71E-4428-913F-C37AE82CDB24}.Debug|iPhoneSimulator.ActiveCfg = Debug|Any CPU
		{67F9D3A8-F71E-4428-913F-C37AE82CDB24}.Debug|iPhoneSimulator.Build.0 = Debug|Any CPU
		{67F9D3A8-F71E-4428-913F-C37AE82CDB24}.Release|Any CPU.ActiveCfg = Release|Any CPU
		{67F9D3A8-F71E-4428-913F-C37AE82CDB24}.Release|Any CPU.Build.0 = Release|Any CPU
		{67F9D3A8-F71E-4428-913F-C37AE82CDB24}.Release|iPhone.ActiveCfg = Release|Any CPU
		{67F9D3A8-F71E-4428-913F-C37AE82CDB24}.Release|iPhone.Build.0 = Release|Any CPU
		{67F9D3A8-F71E-4428-913F-C37AE82CDB24}.Release|iPhoneSimulator.ActiveCfg = Release|Any CPU
		{67F9D3A8-F71E-4428-913F-C37AE82CDB24}.Release|iPhoneSimulator.Build.0 = Release|Any CPU
		{87EEF56B-C7E4-433E-8351-75C333131ADA}.Ad-Hoc|Any CPU.ActiveCfg = Release|Any CPU
		{87EEF56B-C7E4-433E-8351-75C333131ADA}.Ad-Hoc|Any CPU.Build.0 = Release|Any CPU
		{87EEF56B-C7E4-433E-8351-75C333131ADA}.Ad-Hoc|iPhone.ActiveCfg = Release|Any CPU
		{87EEF56B-C7E4-433E-8351-75C333131ADA}.Ad-Hoc|iPhone.Build.0 = Release|Any CPU
		{87EEF56B-C7E4-433E-8351-75C333131ADA}.Ad-Hoc|iPhoneSimulator.ActiveCfg = Release|Any CPU
		{87EEF56B-C7E4-433E-8351-75C333131ADA}.Ad-Hoc|iPhoneSimulator.Build.0 = Release|Any CPU
		{87EEF56B-C7E4-433E-8351-75C333131ADA}.AppStore|Any CPU.ActiveCfg = Release|Any CPU
		{87EEF56B-C7E4-433E-8351-75C333131ADA}.AppStore|Any CPU.Build.0 = Release|Any CPU
		{87EEF56B-C7E4-433E-8351-75C333131ADA}.AppStore|iPhone.ActiveCfg = Release|Any CPU
		{87EEF56B-C7E4-433E-8351-75C333131ADA}.AppStore|iPhone.Build.0 = Release|Any CPU
		{87EEF56B-C7E4-433E-8351-75C333131ADA}.AppStore|iPhoneSimulator.ActiveCfg = Release|Any CPU
		{87EEF56B-C7E4-433E-8351-75C333131ADA}.AppStore|iPhoneSimulator.Build.0 = Release|Any CPU
		{87EEF56B-C7E4-433E-8351-75C333131ADA}.Debug|Any CPU.ActiveCfg = Debug|Any CPU
		{87EEF56B-C7E4-433E-8351-75C333131ADA}.Debug|Any CPU.Build.0 = Debug|Any CPU
		{87EEF56B-C7E4-433E-8351-75C333131ADA}.Debug|iPhone.ActiveCfg = Debug|Any CPU
		{87EEF56B-C7E4-433E-8351-75C333131ADA}.Debug|iPhone.Build.0 = Debug|Any CPU
		{87EEF56B-C7E4-433E-8351-75C333131ADA}.Debug|iPhoneSimulator.ActiveCfg = Debug|Any CPU
		{87EEF56B-C7E4-433E-8351-75C333131ADA}.Debug|iPhoneSimulator.Build.0 = Debug|Any CPU
		{87EEF56B-C7E4-433E-8351-75C333131ADA}.Release|Any CPU.ActiveCfg = Release|Any CPU
		{87EEF56B-C7E4-433E-8351-75C333131ADA}.Release|Any CPU.Build.0 = Release|Any CPU
		{87EEF56B-C7E4-433E-8351-75C333131ADA}.Release|iPhone.ActiveCfg = Release|Any CPU
		{87EEF56B-C7E4-433E-8351-75C333131ADA}.Release|iPhone.Build.0 = Release|Any CPU
		{87EEF56B-C7E4-433E-8351-75C333131ADA}.Release|iPhoneSimulator.ActiveCfg = Release|Any CPU
		{87EEF56B-C7E4-433E-8351-75C333131ADA}.Release|iPhoneSimulator.Build.0 = Release|Any CPU
		{63BCD101-1403-4577-B9F5-45B94B653BD2}.Ad-Hoc|Any CPU.ActiveCfg = Release|Any CPU
		{63BCD101-1403-4577-B9F5-45B94B653BD2}.Ad-Hoc|Any CPU.Build.0 = Release|Any CPU
		{63BCD101-1403-4577-B9F5-45B94B653BD2}.Ad-Hoc|iPhone.ActiveCfg = Release|Any CPU
		{63BCD101-1403-4577-B9F5-45B94B653BD2}.Ad-Hoc|iPhone.Build.0 = Release|Any CPU
		{63BCD101-1403-4577-B9F5-45B94B653BD2}.Ad-Hoc|iPhoneSimulator.ActiveCfg = Release|Any CPU
		{63BCD101-1403-4577-B9F5-45B94B653BD2}.Ad-Hoc|iPhoneSimulator.Build.0 = Release|Any CPU
		{63BCD101-1403-4577-B9F5-45B94B653BD2}.AppStore|Any CPU.ActiveCfg = Release|Any CPU
		{63BCD101-1403-4577-B9F5-45B94B653BD2}.AppStore|Any CPU.Build.0 = Release|Any CPU
		{63BCD101-1403-4577-B9F5-45B94B653BD2}.AppStore|iPhone.ActiveCfg = Release|Any CPU
		{63BCD101-1403-4577-B9F5-45B94B653BD2}.AppStore|iPhone.Build.0 = Release|Any CPU
		{63BCD101-1403-4577-B9F5-45B94B653BD2}.AppStore|iPhoneSimulator.ActiveCfg = Release|Any CPU
		{63BCD101-1403-4577-B9F5-45B94B653BD2}.AppStore|iPhoneSimulator.Build.0 = Release|Any CPU
		{63BCD101-1403-4577-B9F5-45B94B653BD2}.Debug|Any CPU.ActiveCfg = Debug|Any CPU
		{63BCD101-1403-4577-B9F5-45B94B653BD2}.Debug|Any CPU.Build.0 = Debug|Any CPU
		{63BCD101-1403-4577-B9F5-45B94B653BD2}.Debug|iPhone.ActiveCfg = Debug|Any CPU
		{63BCD101-1403-4577-B9F5-45B94B653BD2}.Debug|iPhone.Build.0 = Debug|Any CPU
		{63BCD101-1403-4577-B9F5-45B94B653BD2}.Debug|iPhoneSimulator.ActiveCfg = Debug|Any CPU
		{63BCD101-1403-4577-B9F5-45B94B653BD2}.Debug|iPhoneSimulator.Build.0 = Debug|Any CPU
		{63BCD101-1403-4577-B9F5-45B94B653BD2}.Release|Any CPU.ActiveCfg = Release|Any CPU
		{63BCD101-1403-4577-B9F5-45B94B653BD2}.Release|Any CPU.Build.0 = Release|Any CPU
		{63BCD101-1403-4577-B9F5-45B94B653BD2}.Release|iPhone.ActiveCfg = Release|Any CPU
		{63BCD101-1403-4577-B9F5-45B94B653BD2}.Release|iPhone.Build.0 = Release|Any CPU
		{63BCD101-1403-4577-B9F5-45B94B653BD2}.Release|iPhoneSimulator.ActiveCfg = Release|Any CPU
		{63BCD101-1403-4577-B9F5-45B94B653BD2}.Release|iPhoneSimulator.Build.0 = Release|Any CPU
		{2B6A6341-8D59-4A69-8DE6-B22B6CC32929}.Ad-Hoc|Any CPU.ActiveCfg = Release|Any CPU
		{2B6A6341-8D59-4A69-8DE6-B22B6CC32929}.Ad-Hoc|Any CPU.Build.0 = Release|Any CPU
		{2B6A6341-8D59-4A69-8DE6-B22B6CC32929}.Ad-Hoc|Any CPU.Deploy.0 = Release|Any CPU
		{2B6A6341-8D59-4A69-8DE6-B22B6CC32929}.Ad-Hoc|iPhone.ActiveCfg = Release|Any CPU
		{2B6A6341-8D59-4A69-8DE6-B22B6CC32929}.Ad-Hoc|iPhone.Build.0 = Release|Any CPU
		{2B6A6341-8D59-4A69-8DE6-B22B6CC32929}.Ad-Hoc|iPhone.Deploy.0 = Release|Any CPU
		{2B6A6341-8D59-4A69-8DE6-B22B6CC32929}.Ad-Hoc|iPhoneSimulator.ActiveCfg = Release|Any CPU
		{2B6A6341-8D59-4A69-8DE6-B22B6CC32929}.Ad-Hoc|iPhoneSimulator.Build.0 = Release|Any CPU
		{2B6A6341-8D59-4A69-8DE6-B22B6CC32929}.Ad-Hoc|iPhoneSimulator.Deploy.0 = Release|Any CPU
		{2B6A6341-8D59-4A69-8DE6-B22B6CC32929}.AppStore|Any CPU.ActiveCfg = Release|Any CPU
		{2B6A6341-8D59-4A69-8DE6-B22B6CC32929}.AppStore|Any CPU.Build.0 = Release|Any CPU
		{2B6A6341-8D59-4A69-8DE6-B22B6CC32929}.AppStore|Any CPU.Deploy.0 = Release|Any CPU
		{2B6A6341-8D59-4A69-8DE6-B22B6CC32929}.AppStore|iPhone.ActiveCfg = Release|Any CPU
		{2B6A6341-8D59-4A69-8DE6-B22B6CC32929}.AppStore|iPhone.Build.0 = Release|Any CPU
		{2B6A6341-8D59-4A69-8DE6-B22B6CC32929}.AppStore|iPhone.Deploy.0 = Release|Any CPU
		{2B6A6341-8D59-4A69-8DE6-B22B6CC32929}.AppStore|iPhoneSimulator.ActiveCfg = Release|Any CPU
		{2B6A6341-8D59-4A69-8DE6-B22B6CC32929}.AppStore|iPhoneSimulator.Build.0 = Release|Any CPU
		{2B6A6341-8D59-4A69-8DE6-B22B6CC32929}.AppStore|iPhoneSimulator.Deploy.0 = Release|Any CPU
		{2B6A6341-8D59-4A69-8DE6-B22B6CC32929}.Debug|Any CPU.ActiveCfg = Debug|Any CPU
		{2B6A6341-8D59-4A69-8DE6-B22B6CC32929}.Debug|Any CPU.Build.0 = Debug|Any CPU
		{2B6A6341-8D59-4A69-8DE6-B22B6CC32929}.Debug|Any CPU.Deploy.0 = Debug|Any CPU
		{2B6A6341-8D59-4A69-8DE6-B22B6CC32929}.Debug|iPhone.ActiveCfg = Debug|Any CPU
		{2B6A6341-8D59-4A69-8DE6-B22B6CC32929}.Debug|iPhone.Build.0 = Debug|Any CPU
		{2B6A6341-8D59-4A69-8DE6-B22B6CC32929}.Debug|iPhone.Deploy.0 = Debug|Any CPU
		{2B6A6341-8D59-4A69-8DE6-B22B6CC32929}.Debug|iPhoneSimulator.ActiveCfg = Debug|Any CPU
		{2B6A6341-8D59-4A69-8DE6-B22B6CC32929}.Debug|iPhoneSimulator.Build.0 = Debug|Any CPU
		{2B6A6341-8D59-4A69-8DE6-B22B6CC32929}.Debug|iPhoneSimulator.Deploy.0 = Debug|Any CPU
		{2B6A6341-8D59-4A69-8DE6-B22B6CC32929}.Release|Any CPU.ActiveCfg = Release|Any CPU
		{2B6A6341-8D59-4A69-8DE6-B22B6CC32929}.Release|Any CPU.Build.0 = Release|Any CPU
		{2B6A6341-8D59-4A69-8DE6-B22B6CC32929}.Release|Any CPU.Deploy.0 = Release|Any CPU
		{2B6A6341-8D59-4A69-8DE6-B22B6CC32929}.Release|iPhone.ActiveCfg = Release|Any CPU
		{2B6A6341-8D59-4A69-8DE6-B22B6CC32929}.Release|iPhone.Build.0 = Release|Any CPU
		{2B6A6341-8D59-4A69-8DE6-B22B6CC32929}.Release|iPhone.Deploy.0 = Release|Any CPU
		{2B6A6341-8D59-4A69-8DE6-B22B6CC32929}.Release|iPhoneSimulator.ActiveCfg = Release|Any CPU
		{2B6A6341-8D59-4A69-8DE6-B22B6CC32929}.Release|iPhoneSimulator.Build.0 = Release|Any CPU
		{2B6A6341-8D59-4A69-8DE6-B22B6CC32929}.Release|iPhoneSimulator.Deploy.0 = Release|Any CPU
		{35E9BDF6-6AED-4D87-98CD-F20701363FB8}.Ad-Hoc|Any CPU.ActiveCfg = Ad-Hoc|iPhone
		{35E9BDF6-6AED-4D87-98CD-F20701363FB8}.Ad-Hoc|iPhone.ActiveCfg = Ad-Hoc|iPhone
		{35E9BDF6-6AED-4D87-98CD-F20701363FB8}.Ad-Hoc|iPhone.Build.0 = Ad-Hoc|iPhone
		{35E9BDF6-6AED-4D87-98CD-F20701363FB8}.Ad-Hoc|iPhoneSimulator.ActiveCfg = Ad-Hoc|iPhoneSimulator
		{35E9BDF6-6AED-4D87-98CD-F20701363FB8}.Ad-Hoc|iPhoneSimulator.Build.0 = Ad-Hoc|iPhoneSimulator
		{35E9BDF6-6AED-4D87-98CD-F20701363FB8}.AppStore|Any CPU.ActiveCfg = AppStore|iPhone
		{35E9BDF6-6AED-4D87-98CD-F20701363FB8}.AppStore|iPhone.ActiveCfg = AppStore|iPhone
		{35E9BDF6-6AED-4D87-98CD-F20701363FB8}.AppStore|iPhone.Build.0 = AppStore|iPhone
		{35E9BDF6-6AED-4D87-98CD-F20701363FB8}.AppStore|iPhoneSimulator.ActiveCfg = AppStore|iPhoneSimulator
		{35E9BDF6-6AED-4D87-98CD-F20701363FB8}.AppStore|iPhoneSimulator.Build.0 = AppStore|iPhoneSimulator
		{35E9BDF6-6AED-4D87-98CD-F20701363FB8}.Debug|Any CPU.ActiveCfg = Debug|iPhone
		{35E9BDF6-6AED-4D87-98CD-F20701363FB8}.Debug|iPhone.ActiveCfg = Debug|iPhone
		{35E9BDF6-6AED-4D87-98CD-F20701363FB8}.Debug|iPhone.Build.0 = Debug|iPhone
		{35E9BDF6-6AED-4D87-98CD-F20701363FB8}.Debug|iPhoneSimulator.ActiveCfg = Debug|iPhoneSimulator
		{35E9BDF6-6AED-4D87-98CD-F20701363FB8}.Debug|iPhoneSimulator.Build.0 = Debug|iPhoneSimulator
		{35E9BDF6-6AED-4D87-98CD-F20701363FB8}.Release|Any CPU.ActiveCfg = Release|iPhone
		{35E9BDF6-6AED-4D87-98CD-F20701363FB8}.Release|iPhone.ActiveCfg = Release|iPhone
		{35E9BDF6-6AED-4D87-98CD-F20701363FB8}.Release|iPhone.Build.0 = Release|iPhone
		{35E9BDF6-6AED-4D87-98CD-F20701363FB8}.Release|iPhoneSimulator.ActiveCfg = Release|iPhoneSimulator
		{35E9BDF6-6AED-4D87-98CD-F20701363FB8}.Release|iPhoneSimulator.Build.0 = Release|iPhoneSimulator
		{CD17685A-396E-47FF-923E-247DDE87EB07}.Ad-Hoc|Any CPU.ActiveCfg = Release|Any CPU
		{CD17685A-396E-47FF-923E-247DDE87EB07}.Ad-Hoc|Any CPU.Build.0 = Release|Any CPU
		{CD17685A-396E-47FF-923E-247DDE87EB07}.Ad-Hoc|iPhone.ActiveCfg = Release|Any CPU
		{CD17685A-396E-47FF-923E-247DDE87EB07}.Ad-Hoc|iPhone.Build.0 = Release|Any CPU
		{CD17685A-396E-47FF-923E-247DDE87EB07}.Ad-Hoc|iPhoneSimulator.ActiveCfg = Release|Any CPU
		{CD17685A-396E-47FF-923E-247DDE87EB07}.Ad-Hoc|iPhoneSimulator.Build.0 = Release|Any CPU
		{CD17685A-396E-47FF-923E-247DDE87EB07}.AppStore|Any CPU.ActiveCfg = Release|Any CPU
		{CD17685A-396E-47FF-923E-247DDE87EB07}.AppStore|Any CPU.Build.0 = Release|Any CPU
		{CD17685A-396E-47FF-923E-247DDE87EB07}.AppStore|iPhone.ActiveCfg = Release|Any CPU
		{CD17685A-396E-47FF-923E-247DDE87EB07}.AppStore|iPhone.Build.0 = Release|Any CPU
		{CD17685A-396E-47FF-923E-247DDE87EB07}.AppStore|iPhoneSimulator.ActiveCfg = Release|Any CPU
		{CD17685A-396E-47FF-923E-247DDE87EB07}.AppStore|iPhoneSimulator.Build.0 = Release|Any CPU
		{CD17685A-396E-47FF-923E-247DDE87EB07}.Debug|Any CPU.ActiveCfg = Debug|Any CPU
		{CD17685A-396E-47FF-923E-247DDE87EB07}.Debug|Any CPU.Build.0 = Debug|Any CPU
		{CD17685A-396E-47FF-923E-247DDE87EB07}.Debug|iPhone.ActiveCfg = Debug|Any CPU
		{CD17685A-396E-47FF-923E-247DDE87EB07}.Debug|iPhone.Build.0 = Debug|Any CPU
		{CD17685A-396E-47FF-923E-247DDE87EB07}.Debug|iPhoneSimulator.ActiveCfg = Debug|Any CPU
		{CD17685A-396E-47FF-923E-247DDE87EB07}.Debug|iPhoneSimulator.Build.0 = Debug|Any CPU
		{CD17685A-396E-47FF-923E-247DDE87EB07}.Release|Any CPU.ActiveCfg = Release|Any CPU
		{CD17685A-396E-47FF-923E-247DDE87EB07}.Release|Any CPU.Build.0 = Release|Any CPU
		{CD17685A-396E-47FF-923E-247DDE87EB07}.Release|iPhone.ActiveCfg = Release|Any CPU
		{CD17685A-396E-47FF-923E-247DDE87EB07}.Release|iPhone.Build.0 = Release|Any CPU
		{CD17685A-396E-47FF-923E-247DDE87EB07}.Release|iPhoneSimulator.ActiveCfg = Release|Any CPU
		{CD17685A-396E-47FF-923E-247DDE87EB07}.Release|iPhoneSimulator.Build.0 = Release|Any CPU
	EndGlobalSection
	GlobalSection(SolutionProperties) = preSolution
		HideSolutionNode = FALSE
	EndGlobalSection
	GlobalSection(NestedProjects) = preSolution
		{67F9D3A8-F71E-4428-913F-C37AE82CDB24} = {EB44BCCD-B7D4-4179-9D5F-608FAE9C0199}
		{87EEF56B-C7E4-433E-8351-75C333131ADA} = {EB44BCCD-B7D4-4179-9D5F-608FAE9C0199}
		{63BCD101-1403-4577-B9F5-45B94B653BD2} = {EB44BCCD-B7D4-4179-9D5F-608FAE9C0199}
	EndGlobalSection
EndGlobal
