
Microsoft Visual Studio Solution File, Format Version 12.00
# Visual Studio 14
VisualStudioVersion = 14.0.25123.0
MinimumVisualStudioVersion = 10.0.40219.1
Project("{FAE04EC0-301F-11D3-BF4B-00C04F79EFBC}") = "Xamstrap.Droid", "Xamstrap.Droid\Xamstrap.Droid.csproj", "{87EEF56B-C7E4-433E-8351-75C333131ADA}"
EndProject
Project("{FAE04EC0-301F-11D3-BF4B-00C04F79EFBC}") = "Xamstrap.iOS", "Xamstrap.iOS\Xamstrap.iOS.csproj", "{63BCD101-1403-4577-B9F5-45B94B653BD2}"
EndProject
Project("{FAE04EC0-301F-11D3-BF4B-00C04F79EFBC}") = "Xamstrap", "Xamstrap\Xamstrap.csproj", "{67F9D3A8-F71E-4428-913F-C37AE82CDB24}"
EndProject
Global
	GlobalSection(SolutionConfigurationPlatforms) = preSolution
		Ad-Hoc|Any CPU = Ad-Hoc|Any CPU
		Ad-Hoc|iPhone = Ad-Hoc|iPhone
		Ad-Hoc|iPhoneSimulator = Ad-Hoc|iPhoneSimulator
		AppStore|Any CPU = AppStore|Any CPU
		AppStore|iPhone = AppStore|iPhone
		AppStore|iPhoneSimulator = AppStore|iPhoneSimulator
		Debug|Any CPU = Debug|Any CPU
		Debug|iPhone = Debug|iPhone
		Debug|iPhoneSimulator = Debug|iPhoneSimulator
		Release|Any CPU = Release|Any CPU
		Release|iPhone = Release|iPhone
		Release|iPhoneSimulator = Release|iPhoneSimulator
	EndGlobalSection
	GlobalSection(ProjectConfigurationPlatforms) = postSolution
		{87EEF56B-C7E4-433E-8351-75C333131ADA}.Ad-Hoc|Any CPU.ActiveCfg = Release|Any CPU
		{87EEF56B-C7E4-433E-8351-75C333131ADA}.Ad-Hoc|Any CPU.Build.0 = Release|Any CPU
		{87EEF56B-C7E4-433E-8351-75C333131ADA}.Ad-Hoc|iPhone.ActiveCfg = Release|Any CPU
		{87EEF56B-C7E4-433E-8351-75C333131ADA}.Ad-Hoc|iPhone.Build.0 = Release|Any CPU
		{87EEF56B-C7E4-433E-8351-75C333131ADA}.Ad-Hoc|iPhoneSimulator.ActiveCfg = Release|Any CPU
		{87EEF56B-C7E4-433E-8351-75C333131ADA}.Ad-Hoc|iPhoneSimulator.Build.0 = Release|Any CPU
		{87EEF56B-C7E4-433E-8351-75C333131ADA}.AppStore|Any CPU.ActiveCfg = Release|Any CPU
		{87EEF56B-C7E4-433E-8351-75C333131ADA}.AppStore|Any CPU.Build.0 = Release|Any CPU
		{87EEF56B-C7E4-433E-8351-75C333131ADA}.AppStore|iPhone.ActiveCfg = Release|Any CPU
		{87EEF56B-C7E4-433E-8351-75C333131ADA}.AppStore|iPhone.Build.0 = Release|Any CPU
		{87EEF56B-C7E4-433E-8351-75C333131ADA}.AppStore|iPhoneSimulator.ActiveCfg = Release|Any CPU
		{87EEF56B-C7E4-433E-8351-75C333131ADA}.AppStore|iPhoneSimulator.Build.0 = Release|Any CPU
		{87EEF56B-C7E4-433E-8351-75C333131ADA}.Debug|Any CPU.ActiveCfg = Debug|Any CPU
		{87EEF56B-C7E4-433E-8351-75C333131ADA}.Debug|Any CPU.Build.0 = Debug|Any CPU
		{87EEF56B-C7E4-433E-8351-75C333131ADA}.Debug|iPhone.ActiveCfg = Debug|Any CPU
		{87EEF56B-C7E4-433E-8351-75C333131ADA}.Debug|iPhone.Build.0 = Debug|Any CPU
		{87EEF56B-C7E4-433E-8351-75C333131ADA}.Debug|iPhoneSimulator.ActiveCfg = Debug|Any CPU
		{87EEF56B-C7E4-433E-8351-75C333131ADA}.Debug|iPhoneSimulator.Build.0 = Debug|Any CPU
		{87EEF56B-C7E4-433E-8351-75C333131ADA}.Release|Any CPU.ActiveCfg = Release|Any CPU
		{87EEF56B-C7E4-433E-8351-75C333131ADA}.Release|Any CPU.Build.0 = Release|Any CPU
		{87EEF56B-C7E4-433E-8351-75C333131ADA}.Release|iPhone.ActiveCfg = Release|Any CPU
		{87EEF56B-C7E4-433E-8351-75C333131ADA}.Release|iPhone.Build.0 = Release|Any CPU
		{87EEF56B-C7E4-433E-8351-75C333131ADA}.Release|iPhoneSimulator.ActiveCfg = Release|Any CPU
		{87EEF56B-C7E4-433E-8351-75C333131ADA}.Release|iPhoneSimulator.Build.0 = Release|Any CPU
		{63BCD101-1403-4577-B9F5-45B94B653BD2}.Ad-Hoc|Any CPU.ActiveCfg = Release|Any CPU
		{63BCD101-1403-4577-B9F5-45B94B653BD2}.Ad-Hoc|Any CPU.Build.0 = Release|Any CPU
		{63BCD101-1403-4577-B9F5-45B94B653BD2}.Ad-Hoc|iPhone.ActiveCfg = Release|Any CPU
		{63BCD101-1403-4577-B9F5-45B94B653BD2}.Ad-Hoc|iPhone.Build.0 = Release|Any CPU
		{63BCD101-1403-4577-B9F5-45B94B653BD2}.Ad-Hoc|iPhoneSimulator.ActiveCfg = Release|Any CPU
		{63BCD101-1403-4577-B9F5-45B94B653BD2}.Ad-Hoc|iPhoneSimulator.Build.0 = Release|Any CPU
		{63BCD101-1403-4577-B9F5-45B94B653BD2}.AppStore|Any CPU.ActiveCfg = Release|Any CPU
		{63BCD101-1403-4577-B9F5-45B94B653BD2}.AppStore|Any CPU.Build.0 = Release|Any CPU
		{63BCD101-1403-4577-B9F5-45B94B653BD2}.AppStore|iPhone.ActiveCfg = Release|Any CPU
		{63BCD101-1403-4577-B9F5-45B94B653BD2}.AppStore|iPhone.Build.0 = Release|Any CPU
		{63BCD101-1403-4577-B9F5-45B94B653BD2}.AppStore|iPhoneSimulator.ActiveCfg = Release|Any CPU
		{63BCD101-1403-4577-B9F5-45B94B653BD2}.AppStore|iPhoneSimulator.Build.0 = Release|Any CPU
		{63BCD101-1403-4577-B9F5-45B94B653BD2}.Debug|Any CPU.ActiveCfg = Debug|Any CPU
		{63BCD101-1403-4577-B9F5-45B94B653BD2}.Debug|Any CPU.Build.0 = Debug|Any CPU
		{63BCD101-1403-4577-B9F5-45B94B653BD2}.Debug|iPhone.ActiveCfg = Debug|Any CPU
		{63BCD101-1403-4577-B9F5-45B94B653BD2}.Debug|iPhone.Build.0 = Debug|Any CPU
		{63BCD101-1403-4577-B9F5-45B94B653BD2}.Debug|iPhoneSimulator.ActiveCfg = Debug|Any CPU
		{63BCD101-1403-4577-B9F5-45B94B653BD2}.Debug|iPhoneSimulator.Build.0 = Debug|Any CPU
		{63BCD101-1403-4577-B9F5-45B94B653BD2}.Release|Any CPU.ActiveCfg = Release|Any CPU
		{63BCD101-1403-4577-B9F5-45B94B653BD2}.Release|Any CPU.Build.0 = Release|Any CPU
		{63BCD101-1403-4577-B9F5-45B94B653BD2}.Release|iPhone.ActiveCfg = Release|Any CPU
		{63BCD101-1403-4577-B9F5-45B94B653BD2}.Release|iPhone.Build.0 = Release|Any CPU
		{63BCD101-1403-4577-B9F5-45B94B653BD2}.Release|iPhoneSimulator.ActiveCfg = Release|Any CPU
		{63BCD101-1403-4577-B9F5-45B94B653BD2}.Release|iPhoneSimulator.Build.0 = Release|Any CPU
		{67F9D3A8-F71E-4428-913F-C37AE82CDB24}.Ad-Hoc|Any CPU.ActiveCfg = Release|Any CPU
		{67F9D3A8-F71E-4428-913F-C37AE82CDB24}.Ad-Hoc|Any CPU.Build.0 = Release|Any CPU
		{67F9D3A8-F71E-4428-913F-C37AE82CDB24}.Ad-Hoc|iPhone.ActiveCfg = Release|Any CPU
		{67F9D3A8-F71E-4428-913F-C37AE82CDB24}.Ad-Hoc|iPhone.Build.0 = Release|Any CPU
		{67F9D3A8-F71E-4428-913F-C37AE82CDB24}.Ad-Hoc|iPhoneSimulator.ActiveCfg = Release|Any CPU
		{67F9D3A8-F71E-4428-913F-C37AE82CDB24}.Ad-Hoc|iPhoneSimulator.Build.0 = Release|Any CPU
		{67F9D3A8-F71E-4428-913F-C37AE82CDB24}.AppStore|Any CPU.ActiveCfg = Release|Any CPU
		{67F9D3A8-F71E-4428-913F-C37AE82CDB24}.AppStore|Any CPU.Build.0 = Release|Any CPU
		{67F9D3A8-F71E-4428-913F-C37AE82CDB24}.AppStore|iPhone.ActiveCfg = Release|Any CPU
		{67F9D3A8-F71E-4428-913F-C37AE82CDB24}.AppStore|iPhone.Build.0 = Release|Any CPU
		{67F9D3A8-F71E-4428-913F-C37AE82CDB24}.AppStore|iPhoneSimulator.ActiveCfg = Release|Any CPU
		{67F9D3A8-F71E-4428-913F-C37AE82CDB24}.AppStore|iPhoneSimulator.Build.0 = Release|Any CPU
		{67F9D3A8-F71E-4428-913F-C37AE82CDB24}.Debug|Any CPU.ActiveCfg = Debug|Any CPU
		{67F9D3A8-F71E-4428-913F-C37AE82CDB24}.Debug|Any CPU.Build.0 = Debug|Any CPU
		{67F9D3A8-F71E-4428-913F-C37AE82CDB24}.Debug|iPhone.ActiveCfg = Debug|Any CPU
		{67F9D3A8-F71E-4428-913F-C37AE82CDB24}.Debug|iPhone.Build.0 = Debug|Any CPU
		{67F9D3A8-F71E-4428-913F-C37AE82CDB24}.Debug|iPhoneSimulator.ActiveCfg = Debug|Any CPU
		{67F9D3A8-F71E-4428-913F-C37AE82CDB24}.Debug|iPhoneSimulator.Build.0 = Debug|Any CPU
		{67F9D3A8-F71E-4428-913F-C37AE82CDB24}.Release|Any CPU.ActiveCfg = Release|Any CPU
		{67F9D3A8-F71E-4428-913F-C37AE82CDB24}.Release|Any CPU.Build.0 = Release|Any CPU
		{67F9D3A8-F71E-4428-913F-C37AE82CDB24}.Release|iPhone.ActiveCfg = Release|Any CPU
		{67F9D3A8-F71E-4428-913F-C37AE82CDB24}.Release|iPhone.Build.0 = Release|Any CPU
		{67F9D3A8-F71E-4428-913F-C37AE82CDB24}.Release|iPhoneSimulator.ActiveCfg = Release|Any CPU
		{67F9D3A8-F71E-4428-913F-C37AE82CDB24}.Release|iPhoneSimulator.Build.0 = Release|Any CPU
	EndGlobalSection
	GlobalSection(SolutionProperties) = preSolution
		HideSolutionNode = FALSE
	EndGlobalSection
EndGlobal
